
Microsoft Visual Studio Solution File, Format Version 12.00
# Visual Studio Version 16
VisualStudioVersion = 16.0.30011.22
MinimumVisualStudioVersion = 10.0.40219.1
Project("{FAE04EC0-301F-11D3-BF4B-00C04F79EFBC}") = "MultiWebviews.Android", "MultiWebviews.Android\MultiWebviews.Android.csproj", "{0C5545D6-39B3-42D0-B74D-75F778010CAD}"
EndProject
Project("{FAE04EC0-301F-11D3-BF4B-00C04F79EFBC}") = "MultiWebviews", "MultiWebviews\MultiWebviews.csproj", "{BE79DB26-8E64-4679-B7C5-3F6CE1BFB9AC}"
EndProject
Global
	GlobalSection(SolutionConfigurationPlatforms) = preSolution
		Debug|Any CPU = Debug|Any CPU
		Release|Any CPU = Release|Any CPU
	EndGlobalSection
	GlobalSection(ProjectConfigurationPlatforms) = postSolution
		{0C5545D6-39B3-42D0-B74D-75F778010CAD}.Debug|Any CPU.ActiveCfg = Debug|Any CPU
		{0C5545D6-39B3-42D0-B74D-75F778010CAD}.Debug|Any CPU.Build.0 = Debug|Any CPU
		{0C5545D6-39B3-42D0-B74D-75F778010CAD}.Debug|Any CPU.Deploy.0 = Debug|Any CPU
		{0C5545D6-39B3-42D0-B74D-75F778010CAD}.Release|Any CPU.ActiveCfg = Release|Any CPU
		{0C5545D6-39B3-42D0-B74D-75F778010CAD}.Release|Any CPU.Build.0 = Release|Any CPU
		{0C5545D6-39B3-42D0-B74D-75F778010CAD}.Release|Any CPU.Deploy.0 = Release|Any CPU
		{BE79DB26-8E64-4679-B7C5-3F6CE1BFB9AC}.Debug|Any CPU.ActiveCfg = Debug|Any CPU
		{BE79DB26-8E64-4679-B7C5-3F6CE1BFB9AC}.Debug|Any CPU.Build.0 = Debug|Any CPU
		{BE79DB26-8E64-4679-B7C5-3F6CE1BFB9AC}.Debug|Any CPU.Deploy.0 = Debug|Any CPU
		{BE79DB26-8E64-4679-B7C5-3F6CE1BFB9AC}.Release|Any CPU.ActiveCfg = Release|Any CPU
		{BE79DB26-8E64-4679-B7C5-3F6CE1BFB9AC}.Release|Any CPU.Build.0 = Release|Any CPU
		{BE79DB26-8E64-4679-B7C5-3F6CE1BFB9AC}.Release|Any CPU.Deploy.0 = Release|Any CPU
	EndGlobalSection
	GlobalSection(SolutionProperties) = preSolution
		HideSolutionNode = FALSE
	EndGlobalSection
	GlobalSection(ExtensibilityGlobals) = postSolution
		SolutionGuid = {9342E87A-BDBF-402D-96EB-E7C20C557115}
	EndGlobalSection
EndGlobal
